// !$*UTF8*$!
{
	archiveVersion = 1;
	classes = {
	};
	objectVersion = 48;
	objects = {

/* Begin PBXBuildFile section */
		5898C734200B30DD00A0A63A /* AppDelegate.swift in Sources */ = {isa = PBXBuildFile; fileRef = 5898C733200B30DD00A0A63A /* AppDelegate.swift */; };
		5898C736200B30DD00A0A63A /* RootVC.swift in Sources */ = {isa = PBXBuildFile; fileRef = 5898C735200B30DD00A0A63A /* RootVC.swift */; };
		5898C739200B30DD00A0A63A /* Main.storyboard in Resources */ = {isa = PBXBuildFile; fileRef = 5898C737200B30DD00A0A63A /* Main.storyboard */; };
		5898C73B200B30DD00A0A63A /* Assets.xcassets in Resources */ = {isa = PBXBuildFile; fileRef = 5898C73A200B30DD00A0A63A /* Assets.xcassets */; };
		5898C73E200B30DD00A0A63A /* LaunchScreen.storyboard in Resources */ = {isa = PBXBuildFile; fileRef = 5898C73C200B30DD00A0A63A /* LaunchScreen.storyboard */; };
		5898C748200BD5EB00A0A63A /* GrooveVC.swift in Sources */ = {isa = PBXBuildFile; fileRef = 5898C747200BD5EB00A0A63A /* GrooveVC.swift */; };
/* End PBXBuildFile section */

/* Begin PBXFileReference section */
		5898C730200B30DD00A0A63A /* Are we Grooving?.app */ = {isa = PBXFileReference; explicitFileType = wrapper.application; includeInIndex = 0; path = "Are we Grooving?.app"; sourceTree = BUILT_PRODUCTS_DIR; };
		5898C733200B30DD00A0A63A /* AppDelegate.swift */ = {isa = PBXFileReference; lastKnownFileType = sourcecode.swift; path = AppDelegate.swift; sourceTree = "<group>"; };
		5898C735200B30DD00A0A63A /* RootVC.swift */ = {isa = PBXFileReference; lastKnownFileType = sourcecode.swift; path = RootVC.swift; sourceTree = "<group>"; };
		5898C738200B30DD00A0A63A /* Base */ = {isa = PBXFileReference; lastKnownFileType = file.storyboard; name = Base; path = Base.lproj/Main.storyboard; sourceTree = "<group>"; };
		5898C73A200B30DD00A0A63A /* Assets.xcassets */ = {isa = PBXFileReference; lastKnownFileType = folder.assetcatalog; path = Assets.xcassets; sourceTree = "<group>"; };
		5898C73D200B30DD00A0A63A /* Base */ = {isa = PBXFileReference; lastKnownFileType = file.storyboard; name = Base; path = Base.lproj/LaunchScreen.storyboard; sourceTree = "<group>"; };
		5898C73F200B30DD00A0A63A /* Info.plist */ = {isa = PBXFileReference; lastKnownFileType = text.plist.xml; path = Info.plist; sourceTree = "<group>"; };
		5898C747200BD5EB00A0A63A /* GrooveVC.swift */ = {isa = PBXFileReference; lastKnownFileType = sourcecode.swift; path = GrooveVC.swift; sourceTree = "<group>"; };
/* End PBXFileReference section */

/* Begin PBXFrameworksBuildPhase section */
		5898C72D200B30DD00A0A63A /* Frameworks */ = {
			isa = PBXFrameworksBuildPhase;
			buildActionMask = 2147483647;
			files = (
			);
			runOnlyForDeploymentPostprocessing = 0;
		};
/* End PBXFrameworksBuildPhase section */

/* Begin PBXGroup section */
		5898C727200B30DD00A0A63A = {
			isa = PBXGroup;
			children = (
				5898C732200B30DD00A0A63A /* Are we Grooving? */,
				5898C731200B30DD00A0A63A /* Products */,
			);
			sourceTree = "<group>";
		};
		5898C731200B30DD00A0A63A /* Products */ = {
			isa = PBXGroup;
			children = (
				5898C730200B30DD00A0A63A /* Are we Grooving?.app */,
			);
			name = Products;
			sourceTree = "<group>";
		};
		5898C732200B30DD00A0A63A /* Are we Grooving? */ = {
			isa = PBXGroup;
			children = (
				5898C733200B30DD00A0A63A /* AppDelegate.swift */,
				5898C735200B30DD00A0A63A /* RootVC.swift */,
				5898C747200BD5EB00A0A63A /* GrooveVC.swift */,
				5898C737200B30DD00A0A63A /* Main.storyboard */,
				5898C73A200B30DD00A0A63A /* Assets.xcassets */,
				5898C73C200B30DD00A0A63A /* LaunchScreen.storyboard */,
				5898C73F200B30DD00A0A63A /* Info.plist */,
			);
			path = "Are we Grooving?";
			sourceTree = "<group>";
		};
/* End PBXGroup section */

/* Begin PBXNativeTarget section */
		5898C72F200B30DD00A0A63A /* Are we Grooving? */ = {
			isa = PBXNativeTarget;
			buildConfigurationList = 5898C742200B30DD00A0A63A /* Build configuration list for PBXNativeTarget "Are we Grooving?" */;
			buildPhases = (
				5898C72C200B30DD00A0A63A /* Sources */,
				5898C72D200B30DD00A0A63A /* Frameworks */,
				5898C72E200B30DD00A0A63A /* Resources */,
			);
			buildRules = (
			);
			dependencies = (
			);
			name = "Are we Grooving?";
			productName = "Are we Grooving?";
			productReference = 5898C730200B30DD00A0A63A /* Are we Grooving?.app */;
			productType = "com.apple.product-type.application";
		};
/* End PBXNativeTarget section */

/* Begin PBXProject section */
		5898C728200B30DD00A0A63A /* Project object */ = {
			isa = PBXProject;
			attributes = {
				LastSwiftUpdateCheck = 0920;
				LastUpgradeCheck = 0920;
				ORGANIZATIONNAME = "Ryan Kistner";
				TargetAttributes = {
					5898C72F200B30DD00A0A63A = {
						CreatedOnToolsVersion = 9.2;
						ProvisioningStyle = Automatic;
					};
				};
			};
			buildConfigurationList = 5898C72B200B30DD00A0A63A /* Build configuration list for PBXProject "Are we Grooving?" */;
			compatibilityVersion = "Xcode 8.0";
			developmentRegion = en;
			hasScannedForEncodings = 0;
			knownRegions = (
				en,
				Base,
			);
			mainGroup = 5898C727200B30DD00A0A63A;
			productRefGroup = 5898C731200B30DD00A0A63A /* Products */;
			projectDirPath = "";
			projectRoot = "";
			targets = (
				5898C72F200B30DD00A0A63A /* Are we Grooving? */,
			);
		};
/* End PBXProject section */

/* Begin PBXResourcesBuildPhase section */
		5898C72E200B30DD00A0A63A /* Resources */ = {
			isa = PBXResourcesBuildPhase;
			buildActionMask = 2147483647;
			files = (
				5898C73E200B30DD00A0A63A /* LaunchScreen.storyboard in Resources */,
				5898C73B200B30DD00A0A63A /* Assets.xcassets in Resources */,
				5898C739200B30DD00A0A63A /* Main.storyboard in Resources */,
			);
			runOnlyForDeploymentPostprocessing = 0;
		};
/* End PBXResourcesBuildPhase section */

/* Begin PBXSourcesBuildPhase section */
		5898C72C200B30DD00A0A63A /* Sources */ = {
			isa = PBXSourcesBuildPhase;
			buildActionMask = 2147483647;
			files = (
				5898C736200B30DD00A0A63A /* RootVC.swift in Sources */,
				5898C748200BD5EB00A0A63A /* GrooveVC.swift in Sources */,
				5898C734200B30DD00A0A63A /* AppDelegate.swift in Sources */,
			);
			runOnlyForDeploymentPostprocessing = 0;
		};
/* End PBXSourcesBuildPhase section */

/* Begin PBXVariantGroup section */
		5898C737200B30DD00A0A63A /* Main.storyboard */ = {
			isa = PBXVariantGroup;
			children = (
				5898C738200B30DD00A0A63A /* Base */,
			);
			name = Main.storyboard;
			sourceTree = "<group>";
		};
		5898C73C200B30DD00A0A63A /* LaunchScreen.storyboard */ = {
			isa = PBXVariantGroup;
			children = (
				5898C73D200B30DD00A0A63A /* Base */,
			);
			name = LaunchScreen.storyboard;
			sourceTree = "<group>";
		};
/* End PBXVariantGroup section */

/* Begin XCBuildConfiguration section */
		5898C740200B30DD00A0A63A /* Debug */ = {
			isa = XCBuildConfiguration;
			buildSettings = {
				ALWAYS_SEARCH_USER_PATHS = NO;
				CLANG_ANALYZER_NONNULL = YES;
				CLANG_ANALYZER_NUMBER_OBJECT_CONVERSION = YES_AGGRESSIVE;
				CLANG_CXX_LANGUAGE_STANDARD = "gnu++14";
				CLANG_CXX_LIBRARY = "libc++";
				CLANG_ENABLE_MODULES = YES;
				CLANG_ENABLE_OBJC_ARC = YES;
				CLANG_WARN_BLOCK_CAPTURE_AUTORELEASING = YES;
				CLANG_WARN_BOOL_CONVERSION = YES;
				CLANG_WARN_COMMA = YES;
				CLANG_WARN_CONSTANT_CONVERSION = YES;
				CLANG_WARN_DIRECT_OBJC_ISA_USAGE = YES_ERROR;
				CLANG_WARN_DOCUMENTATION_COMMENTS = YES;
				CLANG_WARN_EMPTY_BODY = YES;
				CLANG_WARN_ENUM_CONVERSION = YES;
				CLANG_WARN_INFINITE_RECURSION = YES;
				CLANG_WARN_INT_CONVERSION = YES;
				CLANG_WARN_NON_LITERAL_NULL_CONVERSION = YES;
				CLANG_WARN_OBJC_LITERAL_CONVERSION = YES;
				CLANG_WARN_OBJC_ROOT_CLASS = YES_ERROR;
				CLANG_WARN_RANGE_LOOP_ANALYSIS = YES;
				CLANG_WARN_STRICT_PROTOTYPES = YES;
				CLANG_WARN_SUSPICIOUS_MOVE = YES;
				CLANG_WARN_UNGUARDED_AVAILABILITY = YES_AGGRESSIVE;
				CLANG_WARN_UNREACHABLE_CODE = YES;
				CLANG_WARN__DUPLICATE_METHOD_MATCH = YES;
				CODE_SIGN_IDENTITY = "iPhone Developer";
				COPY_PHASE_STRIP = NO;
				DEBUG_INFORMATION_FORMAT = dwarf;
				ENABLE_STRICT_OBJC_MSGSEND = YES;
				ENABLE_TESTABILITY = YES;
				GCC_C_LANGUAGE_STANDARD = gnu11;
				GCC_DYNAMIC_NO_PIC = NO;
				GCC_NO_COMMON_BLOCKS = YES;
				GCC_OPTIMIZATION_LEVEL = 0;
				GCC_PREPROCESSOR_DEFINITIONS = (
					"DEBUG=1",
					"$(inherited)",
				);
				GCC_WARN_64_TO_32_BIT_CONVERSION = YES;
				GCC_WARN_ABOUT_RETURN_TYPE = YES_ERROR;
				GCC_WARN_UNDECLARED_SELECTOR = YES;
				GCC_WARN_UNINITIALIZED_AUTOS = YES_AGGRESSIVE;
				GCC_WARN_UNUSED_FUNCTION = YES;
				GCC_WARN_UNUSED_VARIABLE = YES;
				IPHONEOS_DEPLOYMENT_TARGET = 11.2;
				MTL_ENABLE_DEBUG_INFO = YES;
				ONLY_ACTIVE_ARCH = YES;
				SDKROOT = iphoneos;
				SWIFT_ACTIVE_COMPILATION_CONDITIONS = DEBUG;
				SWIFT_OPTIMIZATION_LEVEL = "-Onone";
			};
			name = Debug;
		};
		5898C741200B30DD00A0A63A /* Release */ = {
			isa = XCBuildConfiguration;
			buildSettings = {
				ALWAYS_SEARCH_USER_PATHS = NO;
				CLANG_ANALYZER_NONNULL = YES;
				CLANG_ANALYZER_NUMBER_OBJECT_CONVERSION = YES_AGGRESSIVE;
				CLANG_CXX_LANGUAGE_STANDARD = "gnu++14";
				CLANG_CXX_LIBRARY = "libc++";
				CLANG_ENABLE_MODULES = YES;
				CLANG_ENABLE_OBJC_ARC = YES;
				CLANG_WARN_BLOCK_CAPTURE_AUTORELEASING = YES;
				CLANG_WARN_BOOL_CONVERSION = YES;
				CLANG_WARN_COMMA = YES;
				CLANG_WARN_CONSTANT_CONVERSION = YES;
				CLANG_WARN_DIRECT_OBJC_ISA_USAGE = YES_ERROR;
				CLANG_WARN_DOCUMENTATION_COMMENTS = YES;
				CLANG_WARN_EMPTY_BODY = YES;
				CLANG_WARN_ENUM_CONVERSION = YES;
				CLANG_WARN_INFINITE_RECURSION = YES;
				CLANG_WARN_INT_CONVERSION = YES;
				CLANG_WARN_NON_LITERAL_NULL_CONVERSION = YES;
				CLANG_WARN_OBJC_LITERAL_CONVERSION = YES;
				CLANG_WARN_OBJC_ROOT_CLASS = YES_ERROR;
				CLANG_WARN_RANGE_LOOP_ANALYSIS = YES;
				CLANG_WARN_STRICT_PROTOTYPES = YES;
				CLANG_WARN_SUSPICIOUS_MOVE = YES;
				CLANG_WARN_UNGUARDED_AVAILABILITY = YES_AGGRESSIVE;
				CLANG_WARN_UNREACHABLE_CODE = YES;
				CLANG_WARN__DUPLICATE_METHOD_MATCH = YES;
				CODE_SIGN_IDENTITY = "iPhone Developer";
				COPY_PHASE_STRIP = NO;
				DEBUG_INFORMATION_FORMAT = "dwarf-with-dsym";
				ENABLE_NS_ASSERTIONS = NO;
				ENABLE_STRICT_OBJC_MSGSEND = YES;
				GCC_C_LANGUAGE_STANDARD = gnu11;
				GCC_NO_COMMON_BLOCKS = YES;
				GCC_WARN_64_TO_32_BIT_CONVERSION = YES;
				GCC_WARN_ABOUT_RETURN_TYPE = YES_ERROR;
				GCC_WARN_UNDECLARED_SELECTOR = YES;
				GCC_WARN_UNINITIALIZED_AUTOS = YES_AGGRESSIVE;
				GCC_WARN_UNUSED_FUNCTION = YES;
				GCC_WARN_UNUSED_VARIABLE = YES;
				IPHONEOS_DEPLOYMENT_TARGET = 11.2;
				MTL_ENABLE_DEBUG_INFO = NO;
				SDKROOT = iphoneos;
				SWIFT_OPTIMIZATION_LEVEL = "-Owholemodule";
				VALIDATE_PRODUCT = YES;
			};
			name = Release;
		};
		5898C743200B30DD00A0A63A /* Debug */ = {
			isa = XCBuildConfiguration;
			buildSettings = {
				ASSETCATALOG_COMPILER_APPICON_NAME = AppIcon;
				CODE_SIGN_STYLE = Automatic;
				DEVELOPMENT_TEAM = MYZQ23D36B;
				INFOPLIST_FILE = "Are we Grooving?/Info.plist";
				IPHONEOS_DEPLOYMENT_TARGET = 11.1;
				LD_RUNPATH_SEARCH_PATHS = "$(inherited) @executable_path/Frameworks";
				PRODUCT_BUNDLE_IDENTIFIER = "com.RyanGKist.Tic-Tac-Toe";
				PRODUCT_NAME = "$(TARGET_NAME)";
				SWIFT_VERSION = 4.0;
				TARGETED_DEVICE_FAMILY = "1,2";
			};
			name = Debug;
		};
		5898C744200B30DD00A0A63A /* Release */ = {
			isa = XCBuildConfiguration;
			buildSettings = {
				ASSETCATALOG_COMPILER_APPICON_NAME = AppIcon;
				CODE_SIGN_STYLE = Automatic;
				DEVELOPMENT_TEAM = MYZQ23D36B;
				INFOPLIST_FILE = "Are we Grooving?/Info.plist";
				IPHONEOS_DEPLOYMENT_TARGET = 11.1;
				LD_RUNPATH_SEARCH_PATHS = "$(inherited) @executable_path/Frameworks";
				PRODUCT_BUNDLE_IDENTIFIER = "com.RyanGKist.Tic-Tac-Toe";
				PRODUCT_NAME = "$(TARGET_NAME)";
				SWIFT_VERSION = 4.0;
				TARGETED_DEVICE_FAMILY = "1,2";
			};
			name = Release;
		};
/* End XCBuildConfiguration section */

/* Begin XCConfigurationList section */
		5898C72B200B30DD00A0A63A /* Build configuration list for PBXProject "Are we Grooving?" */ = {
			isa = XCConfigurationList;
			buildConfigurations = (
				5898C740200B30DD00A0A63A /* Debug */,
				5898C741200B30DD00A0A63A /* Release */,
			);
			defaultConfigurationIsVisible = 0;
			defaultConfigurationName = Release;
		};
		5898C742200B30DD00A0A63A /* Build configuration list for PBXNativeTarget "Are we Grooving?" */ = {
			isa = XCConfigurationList;
			buildConfigurations = (
				5898C743200B30DD00A0A63A /* Debug */,
				5898C744200B30DD00A0A63A /* Release */,
			);
			defaultConfigurationIsVisible = 0;
			defaultConfigurationName = Release;
		};
/* End XCConfigurationList section */
	};
	rootObject = 5898C728200B30DD00A0A63A /* Project object */;
}
